
Microsoft Visual Studio Solution File, Format Version 12.00
# Visual Studio Version 17
VisualStudioVersion = 17.2.32630.192
MinimumVisualStudioVersion = 10.0.40219.1
Project("{FAE04EC0-301F-11D3-BF4B-00C04F79EFBC}") = "OmnicellBlueprintingTool", "OmnicellBlueprintingTool.csproj", "{AE4F3493-7F39-45F4-8197-5723734553BA}"
EndProject
Global
	GlobalSection(SolutionConfigurationPlatforms) = preSolution
		All|Any CPU = All|Any CPU
		Debug|Any CPU = Debug|Any CPU
		Release|Any CPU = Release|Any CPU
	EndGlobalSection
	GlobalSection(ProjectConfigurationPlatforms) = postSolution
		{AE4F3493-7F39-45F4-8197-5723734553BA}.All|Any CPU.ActiveCfg = Release|Any CPU
		{AE4F3493-7F39-45F4-8197-5723734553BA}.All|Any CPU.Build.0 = Release|Any CPU
		{AE4F3493-7F39-45F4-8197-5723734553BA}.Debug|Any CPU.ActiveCfg = Debug|Any CPU
		{AE4F3493-7F39-45F4-8197-5723734553BA}.Debug|Any CPU.Build.0 = Debug|Any CPU
		{AE4F3493-7F39-45F4-8197-5723734553BA}.Release|Any CPU.ActiveCfg = Release|Any CPU
		{AE4F3493-7F39-45F4-8197-5723734553BA}.Release|Any CPU.Build.0 = Release|Any CPU
	EndGlobalSection
	GlobalSection(SolutionProperties) = preSolution
		HideSolutionNode = FALSE
	EndGlobalSection
	GlobalSection(ExtensibilityGlobals) = postSolution
		SolutionGuid = {DD730967-A5F4-4CA4-8FC2-D8FA9A99B49D}
	EndGlobalSection
EndGlobal
